<?xml version="1.0" encoding="utf-8"?>
<Project ToolsVersion="4.0" xmlns="http://schemas.microsoft.com/developer/msbuild/2003">
  <ItemGroup>
    <Filter Include="Исходные файлы">
      <UniqueIdentifier>{4FC737F1-C7A5-4376-A066-2A32D752A2FF}</UniqueIdentifier>
      <Extensions>cpp;c;cc;cxx;def;odl;idl;hpj;bat;asm;asmx</Extensions>
    </Filter>
    <Filter Include="Файлы заголовков">
      <UniqueIdentifier>{93995380-89BD-4b04-88EB-625FBE52EBFB}</UniqueIdentifier>
      <Extensions>h;hh;hpp;hxx;hm;inl;inc;ipp;xsd</Extensions>
    </Filter>
    <Filter Include="Файлы ресурсов">
      <UniqueIdentifier>{67DA6AB6-F800-4c08-8B7A-83BB121AAD01}</UniqueIdentifier>
      <Extensions>rc;ico;cur;bmp;dlg;rc2;rct;bin;rgs;gif;jpg;jpeg;jpe;resx;tiff;tif;png;wav;mfcribbon-ms</Extensions>
    </Filter>
  </ItemGroup>
  <ItemGroup>
    <ClCompile Include="scr\main.cpp">
      <Filter>Исходные файлы</Filter>
    </ClCompile>
    <ClCompile Include="scr\graph_tree\Edge\Edge.cpp">
      <Filter>Исходные файлы</Filter>
    </ClCompile>
    <ClCompile Include="scr\integral\body\body.cpp">
      <Filter>Исходные файлы</Filter>
    </ClCompile>
    <ClCompile Include="scr\integral\functions\functions.cpp">
      <Filter>Исходные файлы</Filter>
    </ClCompile>
    <ClCompile Include="scr\interective\interective.cpp">
      <Filter>Исходные файлы</Filter>
    </ClCompile>
    <ClCompile Include="scr\integral\body_rotate\body_rotate.cpp">
      <Filter>Исходные файлы</Filter>
    </ClCompile>
    <ClCompile Include="scr\genarate\type_generator.cpp">
      <Filter>Исходные файлы</Filter>
    </ClCompile>
  </ItemGroup>
  <ItemGroup>
    <ClInclude Include="scr\graph_tree\graph_mtrx\graph_mtrx.h">
      <Filter>Файлы заголовков</Filter>
    </ClInclude>
    <ClInclude Include="scr\graph_tree\Edge\Edge.h">
      <Filter>Файлы заголовков</Filter>
    </ClInclude>
    <ClInclude Include="scr\graph_tree\bin_tree\bin_tree.h">
      <Filter>Файлы заголовков</Filter>
    </ClInclude>
    <ClInclude Include="scr\integral\body\body.h">
      <Filter>Файлы заголовков</Filter>
    </ClInclude>
    <ClInclude Include="scr\integral\functions\functions.h">
      <Filter>Файлы заголовков</Filter>
    </ClInclude>
    <ClInclude Include="scr\interective\interective.h">
      <Filter>Файлы заголовков</Filter>
    </ClInclude>
    <ClInclude Include="scr\integral\body_rotate\body_rotate.h">
      <Filter>Файлы заголовков</Filter>
    </ClInclude>
    <ClInclude Include="scr\graph_tree\graph_mtrx\graph_mtrx.hxx">
      <Filter>Файлы заголовков</Filter>
    </ClInclude>
    <ClInclude Include="scr\graph_tree\bin_tree\bin_tree.hxx">
      <Filter>Файлы заголовков</Filter>
    </ClInclude>
    <ClInclude Include="scr\graph_tree\bin_tree\Node\Node.hpp">
      <Filter>Файлы заголовков</Filter>
    </ClInclude>
    <ClInclude Include="scr\genarate\type_generator.h">
      <Filter>Файлы заголовков</Filter>
    </ClInclude>
  </ItemGroup>
</Project>